<?xml version="1.0" encoding="utf-8"?>
<Project ToolsVersion="4.0" xmlns="http://schemas.microsoft.com/developer/msbuild/2003">
  <ItemGroup>
    <Filter Include="소스 파일">
      <UniqueIdentifier>{4FC737F1-C7A5-4376-A066-2A32D752A2FF}</UniqueIdentifier>
      <Extensions>cpp;c;cc;cxx;c++;cppm;ixx;def;odl;idl;hpj;bat;asm;asmx</Extensions>
    </Filter>
    <Filter Include="헤더 파일">
      <UniqueIdentifier>{93995380-89BD-4b04-88EB-625FBE52EBFB}</UniqueIdentifier>
      <Extensions>h;hh;hpp;hxx;h++;hm;inl;inc;ipp;xsd</Extensions>
    </Filter>
    <Filter Include="리소스 파일">
      <UniqueIdentifier>{67DA6AB6-F800-4c08-8B7A-83BB121AAD01}</UniqueIdentifier>
      <Extensions>rc;ico;cur;bmp;dlg;rc2;rct;bin;rgs;gif;jpg;jpeg;jpe;resx;tiff;tif;png;wav;mfcribbon-ms</Extensions>
    </Filter>
    <Filter Include="소스 파일\DP">
      <UniqueIdentifier>{eb53f00a-6fdd-4c1d-a5d7-5039f7eb9c12}</UniqueIdentifier>
    </Filter>
  </ItemGroup>
  <ItemGroup>
    <ClCompile Include="Backjun_1708_시간초과.cpp">
      <Filter>소스 파일</Filter>
    </ClCompile>
    <ClCompile Include="Backjun_1708_해답.cpp">
      <Filter>소스 파일</Filter>
    </ClCompile>
    <ClCompile Include="Backjun_9663.cpp">
      <Filter>소스 파일</Filter>
    </ClCompile>
    <ClCompile Include="Backjun_1193.cpp">
      <Filter>소스 파일</Filter>
    </ClCompile>
    <ClCompile Include="Backjun_11047.cpp">
      <Filter>소스 파일</Filter>
    </ClCompile>
    <ClCompile Include="Backjun_1931.cpp">
      <Filter>소스 파일</Filter>
    </ClCompile>
    <ClCompile Include="Backjun_2166.cpp">
      <Filter>소스 파일</Filter>
    </ClCompile>
    <ClCompile Include="Backjun_2166_해답.cpp">
      <Filter>소스 파일</Filter>
    </ClCompile>
    <ClCompile Include="Backjun_11758.cpp">
      <Filter>소스 파일</Filter>
    </ClCompile>
    <ClCompile Include="Backjun_25308_다시풀것.cpp">
      <Filter>소스 파일</Filter>
    </ClCompile>
    <ClCompile Include="BackJun_17386.cpp">
      <Filter>소스 파일</Filter>
    </ClCompile>
    <ClCompile Include="Backjun_17387.cpp">
      <Filter>소스 파일</Filter>
    </ClCompile>
    <ClCompile Include="Backjun_20149.cpp">
      <Filter>소스 파일</Filter>
    </ClCompile>
    <ClCompile Include="Backjun_1904.cpp">
      <Filter>소스 파일</Filter>
    </ClCompile>
    <ClCompile Include="Backjun_1912.cpp">
      <Filter>소스 파일</Filter>
    </ClCompile>
    <ClCompile Include="Backjun_1149.cpp">
      <Filter>소스 파일\DP</Filter>
    </ClCompile>
    <ClCompile Include="Backjun_1003_바텀업.cpp">
      <Filter>소스 파일\DP</Filter>
    </ClCompile>
    <ClCompile Include="Backjun_1003_탑다운.cpp">
      <Filter>소스 파일\DP</Filter>
    </ClCompile>
    <ClCompile Include="Backjun_9184.cpp">
      <Filter>소스 파일\DP</Filter>
    </ClCompile>
    <ClCompile Include="Backjun_9461.cpp">
      <Filter>소스 파일\DP</Filter>
    </ClCompile>
    <ClCompile Include="Backjun_1932.cpp">
      <Filter>소스 파일\DP</Filter>
    </ClCompile>
    <ClCompile Include="Backjun_2579.cpp">
      <Filter>소스 파일\DP</Filter>
    </ClCompile>
  </ItemGroup>
</Project>